
Microsoft Visual Studio Solution File, Format Version 12.00
# Visual Studio Version 17
VisualStudioVersion = 17.0.32014.148
MinimumVisualStudioVersion = 10.0.40219.1
Project("{FAE04EC0-301F-11D3-BF4B-00C04F79EFBC}") = "Asp.Net-Core.FireBird", "Asp.Net-Core.FireBird\Asp.Net-Core.FireBird.csproj", "{02CD4407-B074-446D-B9C0-52721DE758EB}"
EndProject
Global
	GlobalSection(SolutionConfigurationPlatforms) = preSolution
		Debug|Any CPU = Debug|Any CPU
		Release|Any CPU = Release|Any CPU
	EndGlobalSection
	GlobalSection(ProjectConfigurationPlatforms) = postSolution
		{02CD4407-B074-446D-B9C0-52721DE758EB}.Debug|Any CPU.ActiveCfg = Debug|Any CPU
		{02CD4407-B074-446D-B9C0-52721DE758EB}.Debug|Any CPU.Build.0 = Debug|Any CPU
		{02CD4407-B074-446D-B9C0-52721DE758EB}.Release|Any CPU.ActiveCfg = Release|Any CPU
		{02CD4407-B074-446D-B9C0-52721DE758EB}.Release|Any CPU.Build.0 = Release|Any CPU
	EndGlobalSection
	GlobalSection(SolutionProperties) = preSolution
		HideSolutionNode = FALSE
	EndGlobalSection
	GlobalSection(ExtensibilityGlobals) = postSolution
		SolutionGuid = {1F1D7070-5BE8-4C36-A518-356EBA4ECF69}
	EndGlobalSection
EndGlobal
